
Microsoft Visual Studio Solution File, Format Version 12.00
# Visual Studio Version 16
VisualStudioVersion = 16.0.30717.126
MinimumVisualStudioVersion = 10.0.40219.1
Project("{FAE04EC0-301F-11D3-BF4B-00C04F79EFBC}") = "ImplementingAsp.NetCoreIdentity", "ImplementingAsp.NetCoreIdentity.csproj", "{A4BAF924-5EA1-40A6-AD1E-28C2D72242C7}"
EndProject
Project("{FAE04EC0-301F-11D3-BF4B-00C04F79EFBC}") = "Shared.Services", "..\Shared.Services\Shared.Services.csproj", "{9E70AB44-E848-47E4-96AA-58F787C0408F}"
EndProject
Project("{FAE04EC0-301F-11D3-BF4B-00C04F79EFBC}") = "Asp.NetCoreIdentity.Client", "..\Asp.NetCoreIdentity.Client\Asp.NetCoreIdentity.Client.csproj", "{6CDB4571-FE20-4A2E-ACCF-E6732B38F48E}"
EndProject
Global
	GlobalSection(SolutionConfigurationPlatforms) = preSolution
		Debug|Any CPU = Debug|Any CPU
		Debug|ARM = Debug|ARM
		Debug|ARM64 = Debug|ARM64
		Debug|x64 = Debug|x64
		Debug|x86 = Debug|x86
		Release|Any CPU = Release|Any CPU
		Release|ARM = Release|ARM
		Release|ARM64 = Release|ARM64
		Release|x64 = Release|x64
		Release|x86 = Release|x86
	EndGlobalSection
	GlobalSection(ProjectConfigurationPlatforms) = postSolution
		{A4BAF924-5EA1-40A6-AD1E-28C2D72242C7}.Debug|Any CPU.ActiveCfg = Debug|Any CPU
		{A4BAF924-5EA1-40A6-AD1E-28C2D72242C7}.Debug|Any CPU.Build.0 = Debug|Any CPU
		{A4BAF924-5EA1-40A6-AD1E-28C2D72242C7}.Debug|ARM.ActiveCfg = Debug|Any CPU
		{A4BAF924-5EA1-40A6-AD1E-28C2D72242C7}.Debug|ARM.Build.0 = Debug|Any CPU
		{A4BAF924-5EA1-40A6-AD1E-28C2D72242C7}.Debug|ARM64.ActiveCfg = Debug|Any CPU
		{A4BAF924-5EA1-40A6-AD1E-28C2D72242C7}.Debug|ARM64.Build.0 = Debug|Any CPU
		{A4BAF924-5EA1-40A6-AD1E-28C2D72242C7}.Debug|x64.ActiveCfg = Debug|Any CPU
		{A4BAF924-5EA1-40A6-AD1E-28C2D72242C7}.Debug|x64.Build.0 = Debug|Any CPU
		{A4BAF924-5EA1-40A6-AD1E-28C2D72242C7}.Debug|x86.ActiveCfg = Debug|Any CPU
		{A4BAF924-5EA1-40A6-AD1E-28C2D72242C7}.Debug|x86.Build.0 = Debug|Any CPU
		{A4BAF924-5EA1-40A6-AD1E-28C2D72242C7}.Release|Any CPU.ActiveCfg = Release|Any CPU
		{A4BAF924-5EA1-40A6-AD1E-28C2D72242C7}.Release|Any CPU.Build.0 = Release|Any CPU
		{A4BAF924-5EA1-40A6-AD1E-28C2D72242C7}.Release|ARM.ActiveCfg = Release|Any CPU
		{A4BAF924-5EA1-40A6-AD1E-28C2D72242C7}.Release|ARM.Build.0 = Release|Any CPU
		{A4BAF924-5EA1-40A6-AD1E-28C2D72242C7}.Release|ARM64.ActiveCfg = Release|Any CPU
		{A4BAF924-5EA1-40A6-AD1E-28C2D72242C7}.Release|ARM64.Build.0 = Release|Any CPU
		{A4BAF924-5EA1-40A6-AD1E-28C2D72242C7}.Release|x64.ActiveCfg = Release|Any CPU
		{A4BAF924-5EA1-40A6-AD1E-28C2D72242C7}.Release|x64.Build.0 = Release|Any CPU
		{A4BAF924-5EA1-40A6-AD1E-28C2D72242C7}.Release|x86.ActiveCfg = Release|Any CPU
		{A4BAF924-5EA1-40A6-AD1E-28C2D72242C7}.Release|x86.Build.0 = Release|Any CPU
		{9E70AB44-E848-47E4-96AA-58F787C0408F}.Debug|Any CPU.ActiveCfg = Debug|Any CPU
		{9E70AB44-E848-47E4-96AA-58F787C0408F}.Debug|Any CPU.Build.0 = Debug|Any CPU
		{9E70AB44-E848-47E4-96AA-58F787C0408F}.Debug|ARM.ActiveCfg = Debug|Any CPU
		{9E70AB44-E848-47E4-96AA-58F787C0408F}.Debug|ARM.Build.0 = Debug|Any CPU
		{9E70AB44-E848-47E4-96AA-58F787C0408F}.Debug|ARM64.ActiveCfg = Debug|Any CPU
		{9E70AB44-E848-47E4-96AA-58F787C0408F}.Debug|ARM64.Build.0 = Debug|Any CPU
		{9E70AB44-E848-47E4-96AA-58F787C0408F}.Debug|x64.ActiveCfg = Debug|Any CPU
		{9E70AB44-E848-47E4-96AA-58F787C0408F}.Debug|x64.Build.0 = Debug|Any CPU
		{9E70AB44-E848-47E4-96AA-58F787C0408F}.Debug|x86.ActiveCfg = Debug|Any CPU
		{9E70AB44-E848-47E4-96AA-58F787C0408F}.Debug|x86.Build.0 = Debug|Any CPU
		{9E70AB44-E848-47E4-96AA-58F787C0408F}.Release|Any CPU.ActiveCfg = Release|Any CPU
		{9E70AB44-E848-47E4-96AA-58F787C0408F}.Release|Any CPU.Build.0 = Release|Any CPU
		{9E70AB44-E848-47E4-96AA-58F787C0408F}.Release|ARM.ActiveCfg = Release|Any CPU
		{9E70AB44-E848-47E4-96AA-58F787C0408F}.Release|ARM.Build.0 = Release|Any CPU
		{9E70AB44-E848-47E4-96AA-58F787C0408F}.Release|ARM64.ActiveCfg = Release|Any CPU
		{9E70AB44-E848-47E4-96AA-58F787C0408F}.Release|ARM64.Build.0 = Release|Any CPU
		{9E70AB44-E848-47E4-96AA-58F787C0408F}.Release|x64.ActiveCfg = Release|Any CPU
		{9E70AB44-E848-47E4-96AA-58F787C0408F}.Release|x64.Build.0 = Release|Any CPU
		{9E70AB44-E848-47E4-96AA-58F787C0408F}.Release|x86.ActiveCfg = Release|Any CPU
		{9E70AB44-E848-47E4-96AA-58F787C0408F}.Release|x86.Build.0 = Release|Any CPU
		{6CDB4571-FE20-4A2E-ACCF-E6732B38F48E}.Debug|Any CPU.ActiveCfg = Debug|x86
		{6CDB4571-FE20-4A2E-ACCF-E6732B38F48E}.Debug|ARM.ActiveCfg = Debug|ARM
		{6CDB4571-FE20-4A2E-ACCF-E6732B38F48E}.Debug|ARM.Build.0 = Debug|ARM
		{6CDB4571-FE20-4A2E-ACCF-E6732B38F48E}.Debug|ARM.Deploy.0 = Debug|ARM
		{6CDB4571-FE20-4A2E-ACCF-E6732B38F48E}.Debug|ARM64.ActiveCfg = Debug|ARM64
		{6CDB4571-FE20-4A2E-ACCF-E6732B38F48E}.Debug|ARM64.Build.0 = Debug|ARM64
		{6CDB4571-FE20-4A2E-ACCF-E6732B38F48E}.Debug|ARM64.Deploy.0 = Debug|ARM64
		{6CDB4571-FE20-4A2E-ACCF-E6732B38F48E}.Debug|x64.ActiveCfg = Debug|x64
		{6CDB4571-FE20-4A2E-ACCF-E6732B38F48E}.Debug|x64.Build.0 = Debug|x64
		{6CDB4571-FE20-4A2E-ACCF-E6732B38F48E}.Debug|x64.Deploy.0 = Debug|x64
		{6CDB4571-FE20-4A2E-ACCF-E6732B38F48E}.Debug|x86.ActiveCfg = Debug|x86
		{6CDB4571-FE20-4A2E-ACCF-E6732B38F48E}.Debug|x86.Build.0 = Debug|x86
		{6CDB4571-FE20-4A2E-ACCF-E6732B38F48E}.Debug|x86.Deploy.0 = Debug|x86
		{6CDB4571-FE20-4A2E-ACCF-E6732B38F48E}.Release|Any CPU.ActiveCfg = Release|x86
		{6CDB4571-FE20-4A2E-ACCF-E6732B38F48E}.Release|ARM.ActiveCfg = Release|ARM
		{6CDB4571-FE20-4A2E-ACCF-E6732B38F48E}.Release|ARM.Build.0 = Release|ARM
		{6CDB4571-FE20-4A2E-ACCF-E6732B38F48E}.Release|ARM.Deploy.0 = Release|ARM
		{6CDB4571-FE20-4A2E-ACCF-E6732B38F48E}.Release|ARM64.ActiveCfg = Release|ARM64
		{6CDB4571-FE20-4A2E-ACCF-E6732B38F48E}.Release|ARM64.Build.0 = Release|ARM64
		{6CDB4571-FE20-4A2E-ACCF-E6732B38F48E}.Release|ARM64.Deploy.0 = Release|ARM64
		{6CDB4571-FE20-4A2E-ACCF-E6732B38F48E}.Release|x64.ActiveCfg = Release|x64
		{6CDB4571-FE20-4A2E-ACCF-E6732B38F48E}.Release|x64.Build.0 = Release|x64
		{6CDB4571-FE20-4A2E-ACCF-E6732B38F48E}.Release|x64.Deploy.0 = Release|x64
		{6CDB4571-FE20-4A2E-ACCF-E6732B38F48E}.Release|x86.ActiveCfg = Release|x86
		{6CDB4571-FE20-4A2E-ACCF-E6732B38F48E}.Release|x86.Build.0 = Release|x86
		{6CDB4571-FE20-4A2E-ACCF-E6732B38F48E}.Release|x86.Deploy.0 = Release|x86
	EndGlobalSection
	GlobalSection(SolutionProperties) = preSolution
		HideSolutionNode = FALSE
	EndGlobalSection
	GlobalSection(ExtensibilityGlobals) = postSolution
		SolutionGuid = {2BE6C207-618B-4456-8FEB-D131323CEC93}
	EndGlobalSection
EndGlobal
